
Microsoft Visual Studio Solution File, Format Version 12.00
# Visual Studio Version 17
VisualStudioVersion = 17.2.32408.312
MinimumVisualStudioVersion = 10.0.40219.1
Project("{FAE04EC0-301F-11D3-BF4B-00C04F79EFBC}") = "CloudCustomers.WebApi", "CloudCustomers.WebApi\CloudCustomers.WebApi.csproj", "{C2C26E57-64BE-4FC1-ABB2-18C0D2F09541}"
EndProject
Project("{FAE04EC0-301F-11D3-BF4B-00C04F79EFBC}") = "CloudCustomers.Data", "CloudCustomers.Data\CloudCustomers.Data.csproj", "{34E86F18-08ED-4041-BE25-9E54912CD625}"
EndProject
Project("{FAE04EC0-301F-11D3-BF4B-00C04F79EFBC}") = "CloudCustomers.Services", "CloudCustomers.Services\CloudCustomers.Services.csproj", "{ECE9B9E1-F95F-439C-ABFF-4772821C8A04}"
EndProject
Global
	GlobalSection(SolutionConfigurationPlatforms) = preSolution
		Debug|Any CPU = Debug|Any CPU
		Release|Any CPU = Release|Any CPU
	EndGlobalSection
	GlobalSection(ProjectConfigurationPlatforms) = postSolution
		{C2C26E57-64BE-4FC1-ABB2-18C0D2F09541}.Debug|Any CPU.ActiveCfg = Debug|Any CPU
		{C2C26E57-64BE-4FC1-ABB2-18C0D2F09541}.Debug|Any CPU.Build.0 = Debug|Any CPU
		{C2C26E57-64BE-4FC1-ABB2-18C0D2F09541}.Release|Any CPU.ActiveCfg = Release|Any CPU
		{C2C26E57-64BE-4FC1-ABB2-18C0D2F09541}.Release|Any CPU.Build.0 = Release|Any CPU
		{34E86F18-08ED-4041-BE25-9E54912CD625}.Debug|Any CPU.ActiveCfg = Debug|Any CPU
		{34E86F18-08ED-4041-BE25-9E54912CD625}.Debug|Any CPU.Build.0 = Debug|Any CPU
		{34E86F18-08ED-4041-BE25-9E54912CD625}.Release|Any CPU.ActiveCfg = Release|Any CPU
		{34E86F18-08ED-4041-BE25-9E54912CD625}.Release|Any CPU.Build.0 = Release|Any CPU
		{ECE9B9E1-F95F-439C-ABFF-4772821C8A04}.Debug|Any CPU.ActiveCfg = Debug|Any CPU
		{ECE9B9E1-F95F-439C-ABFF-4772821C8A04}.Debug|Any CPU.Build.0 = Debug|Any CPU
		{ECE9B9E1-F95F-439C-ABFF-4772821C8A04}.Release|Any CPU.ActiveCfg = Release|Any CPU
		{ECE9B9E1-F95F-439C-ABFF-4772821C8A04}.Release|Any CPU.Build.0 = Release|Any CPU
	EndGlobalSection
	GlobalSection(SolutionProperties) = preSolution
		HideSolutionNode = FALSE
	EndGlobalSection
	GlobalSection(ExtensibilityGlobals) = postSolution
		SolutionGuid = {2848B6C3-37EE-4456-9B39-08D8C446FDE8}
	EndGlobalSection
EndGlobal
